
Microsoft Visual Studio Solution File, Format Version 12.00
# Visual Studio Version 16
VisualStudioVersion = 16.0.34931.43
MinimumVisualStudioVersion = 10.0.40219.1
Project("{FAE04EC0-301F-11D3-BF4B-00C04F79EFBC}") = "RabbitMQ.Api", "RabbitMQ.Api\RabbitMQ.Api.csproj", "{E2FC1845-5670-456B-B0F2-FC83207B97FC}"
EndProject
Project("{FAE04EC0-301F-11D3-BF4B-00C04F79EFBC}") = "RabbitMQ.Shared", "RabbitMQ.Shared\RabbitMQ.Shared.csproj", "{C7BFC004-81B6-41E5-9410-FECAD171D809}"
EndProject
Project("{FAE04EC0-301F-11D3-BF4B-00C04F79EFBC}") = "RabbitMQ.Consumer", "RabbitMQ.Consumer\RabbitMQ.Consumer.csproj", "{B914689C-1C19-4C2A-AC36-2917B4054C92}"
EndProject
Global
	GlobalSection(SolutionConfigurationPlatforms) = preSolution
		Debug|Any CPU = Debug|Any CPU
		Release|Any CPU = Release|Any CPU
	EndGlobalSection
	GlobalSection(ProjectConfigurationPlatforms) = postSolution
		{E2FC1845-5670-456B-B0F2-FC83207B97FC}.Debug|Any CPU.ActiveCfg = Debug|Any CPU
		{E2FC1845-5670-456B-B0F2-FC83207B97FC}.Debug|Any CPU.Build.0 = Debug|Any CPU
		{E2FC1845-5670-456B-B0F2-FC83207B97FC}.Release|Any CPU.ActiveCfg = Release|Any CPU
		{E2FC1845-5670-456B-B0F2-FC83207B97FC}.Release|Any CPU.Build.0 = Release|Any CPU
		{C7BFC004-81B6-41E5-9410-FECAD171D809}.Debug|Any CPU.ActiveCfg = Debug|Any CPU
		{C7BFC004-81B6-41E5-9410-FECAD171D809}.Debug|Any CPU.Build.0 = Debug|Any CPU
		{C7BFC004-81B6-41E5-9410-FECAD171D809}.Release|Any CPU.ActiveCfg = Release|Any CPU
		{C7BFC004-81B6-41E5-9410-FECAD171D809}.Release|Any CPU.Build.0 = Release|Any CPU
		{B914689C-1C19-4C2A-AC36-2917B4054C92}.Debug|Any CPU.ActiveCfg = Debug|Any CPU
		{B914689C-1C19-4C2A-AC36-2917B4054C92}.Debug|Any CPU.Build.0 = Debug|Any CPU
		{B914689C-1C19-4C2A-AC36-2917B4054C92}.Release|Any CPU.ActiveCfg = Release|Any CPU
		{B914689C-1C19-4C2A-AC36-2917B4054C92}.Release|Any CPU.Build.0 = Release|Any CPU
	EndGlobalSection
	GlobalSection(SolutionProperties) = preSolution
		HideSolutionNode = FALSE
	EndGlobalSection
	GlobalSection(ExtensibilityGlobals) = postSolution
		SolutionGuid = {58B88140-C837-4F02-BFE7-E83596CCB10C}
	EndGlobalSection
EndGlobal
